
Microsoft Visual Studio Solution File, Format Version 12.00
# Visual Studio 15
VisualStudioVersion = 15.0.28010.2016
MinimumVisualStudioVersion = 10.0.40219.1
Project("{FAE04EC0-301F-11D3-BF4B-00C04F79EFBC}") = "Lesson_2", "Lesson_2\Lesson_2.csproj", "{C0A2FC6B-E48E-4ED1-A596-EACA4891C4EE}"
EndProject
Global
	GlobalSection(SolutionConfigurationPlatforms) = preSolution
		Debug|Any CPU = Debug|Any CPU
		Release|Any CPU = Release|Any CPU
	EndGlobalSection
	GlobalSection(ProjectConfigurationPlatforms) = postSolution
		{C0A2FC6B-E48E-4ED1-A596-EACA4891C4EE}.Debug|Any CPU.ActiveCfg = Debug|Any CPU
		{C0A2FC6B-E48E-4ED1-A596-EACA4891C4EE}.Debug|Any CPU.Build.0 = Debug|Any CPU
		{C0A2FC6B-E48E-4ED1-A596-EACA4891C4EE}.Release|Any CPU.ActiveCfg = Release|Any CPU
		{C0A2FC6B-E48E-4ED1-A596-EACA4891C4EE}.Release|Any CPU.Build.0 = Release|Any CPU
	EndGlobalSection
	GlobalSection(SolutionProperties) = preSolution
		HideSolutionNode = FALSE
	EndGlobalSection
	GlobalSection(ExtensibilityGlobals) = postSolution
		SolutionGuid = {4602736D-28B0-4C3C-A795-A8DD593FF680}
	EndGlobalSection
EndGlobal
